
Microsoft Visual Studio Solution File, Format Version 12.00
# Visual Studio Version 17
VisualStudioVersion = 17.8.34408.163
MinimumVisualStudioVersion = 10.0.40219.1
Project("{FAE04EC0-301F-11D3-BF4B-00C04F79EFBC}") = "PZ_18", "PZ_18\PZ_18.csproj", "{BBF6C1CF-156D-4366-B982-CABE772E6B6D}"
EndProject
Global
	GlobalSection(SolutionConfigurationPlatforms) = preSolution
		Debug|Any CPU = Debug|Any CPU
		Release|Any CPU = Release|Any CPU
	EndGlobalSection
	GlobalSection(ProjectConfigurationPlatforms) = postSolution
		{BBF6C1CF-156D-4366-B982-CABE772E6B6D}.Debug|Any CPU.ActiveCfg = Debug|Any CPU
		{BBF6C1CF-156D-4366-B982-CABE772E6B6D}.Debug|Any CPU.Build.0 = Debug|Any CPU
		{BBF6C1CF-156D-4366-B982-CABE772E6B6D}.Release|Any CPU.ActiveCfg = Release|Any CPU
		{BBF6C1CF-156D-4366-B982-CABE772E6B6D}.Release|Any CPU.Build.0 = Release|Any CPU
	EndGlobalSection
	GlobalSection(SolutionProperties) = preSolution
		HideSolutionNode = FALSE
	EndGlobalSection
	GlobalSection(ExtensibilityGlobals) = postSolution
		SolutionGuid = {A1849E8D-EC11-44CC-BA16-8AA95BC05518}
	EndGlobalSection
EndGlobal
